
Microsoft Visual Studio Solution File, Format Version 12.00
# Visual Studio Version 17
VisualStudioVersion = 17.14.36301.6
MinimumVisualStudioVersion = 10.0.40219.1
Project("{9A19103F-16F7-4668-BE54-9A1E7A4F7556}") = "_build", "build\_build.csproj", "{0C44477F-1CC3-4100-8269-F2F8B047C0C0}"
EndProject
Project("{FAE04EC0-301F-11D3-BF4B-00C04F79EFBC}") = "Renamer", "source\Renamer\Renamer.csproj", "{C736033B-5ED1-35A1-EF72-0CEB3A2F8E52}"
EndProject
Global
	GlobalSection(SolutionConfigurationPlatforms) = preSolution
		Debug R22|Any CPU = Debug R22|Any CPU
		Debug R22|x64 = Debug R22|x64
		Debug R22|x86 = Debug R22|x86
		Debug R23|Any CPU = Debug R23|Any CPU
		Debug R23|x64 = Debug R23|x64
		Debug R23|x86 = Debug R23|x86
		Debug R24|Any CPU = Debug R24|Any CPU
		Debug R24|x64 = Debug R24|x64
		Debug R24|x86 = Debug R24|x86
		Debug R25|Any CPU = Debug R25|Any CPU
		Debug R25|x64 = Debug R25|x64
		Debug R25|x86 = Debug R25|x86
		Debug R26|Any CPU = Debug R26|Any CPU
		Debug R26|x64 = Debug R26|x64
		Debug R26|x86 = Debug R26|x86
		Release R22|Any CPU = Release R22|Any CPU
		Release R22|x64 = Release R22|x64
		Release R22|x86 = Release R22|x86
		Release R23|Any CPU = Release R23|Any CPU
		Release R23|x64 = Release R23|x64
		Release R23|x86 = Release R23|x86
		Release R24|Any CPU = Release R24|Any CPU
		Release R24|x64 = Release R24|x64
		Release R24|x86 = Release R24|x86
		Release R25|Any CPU = Release R25|Any CPU
		Release R25|x64 = Release R25|x64
		Release R25|x86 = Release R25|x86
		Release R26|Any CPU = Release R26|Any CPU
		Release R26|x64 = Release R26|x64
		Release R26|x86 = Release R26|x86
	EndGlobalSection
	GlobalSection(ProjectConfigurationPlatforms) = postSolution
		{0C44477F-1CC3-4100-8269-F2F8B047C0C0}.Debug R22|Any CPU.ActiveCfg = Debug R22|Any CPU
		{0C44477F-1CC3-4100-8269-F2F8B047C0C0}.Debug R22|Any CPU.Build.0 = Debug R22|Any CPU
		{0C44477F-1CC3-4100-8269-F2F8B047C0C0}.Debug R22|x64.ActiveCfg = Debug|Any CPU
		{0C44477F-1CC3-4100-8269-F2F8B047C0C0}.Debug R22|x86.ActiveCfg = Debug R22|Any CPU
		{0C44477F-1CC3-4100-8269-F2F8B047C0C0}.Debug R22|x86.Build.0 = Debug R22|Any CPU
		{0C44477F-1CC3-4100-8269-F2F8B047C0C0}.Debug R23|Any CPU.ActiveCfg = Debug R23|Any CPU
		{0C44477F-1CC3-4100-8269-F2F8B047C0C0}.Debug R23|Any CPU.Build.0 = Debug R23|Any CPU
		{0C44477F-1CC3-4100-8269-F2F8B047C0C0}.Debug R23|x64.ActiveCfg = Debug|Any CPU
		{0C44477F-1CC3-4100-8269-F2F8B047C0C0}.Debug R23|x86.ActiveCfg = Debug R23|Any CPU
		{0C44477F-1CC3-4100-8269-F2F8B047C0C0}.Debug R23|x86.Build.0 = Debug R23|Any CPU
		{0C44477F-1CC3-4100-8269-F2F8B047C0C0}.Debug R24|Any CPU.ActiveCfg = Debug R24|Any CPU
		{0C44477F-1CC3-4100-8269-F2F8B047C0C0}.Debug R24|Any CPU.Build.0 = Debug R24|Any CPU
		{0C44477F-1CC3-4100-8269-F2F8B047C0C0}.Debug R24|x64.ActiveCfg = Debug|Any CPU
		{0C44477F-1CC3-4100-8269-F2F8B047C0C0}.Debug R24|x86.ActiveCfg = Debug R24|Any CPU
		{0C44477F-1CC3-4100-8269-F2F8B047C0C0}.Debug R24|x86.Build.0 = Debug R24|Any CPU
		{0C44477F-1CC3-4100-8269-F2F8B047C0C0}.Debug R25|Any CPU.ActiveCfg = Debug R25|Any CPU
		{0C44477F-1CC3-4100-8269-F2F8B047C0C0}.Debug R25|Any CPU.Build.0 = Debug R25|Any CPU
		{0C44477F-1CC3-4100-8269-F2F8B047C0C0}.Debug R25|x64.ActiveCfg = Debug|Any CPU
		{0C44477F-1CC3-4100-8269-F2F8B047C0C0}.Debug R25|x86.ActiveCfg = Debug R25|Any CPU
		{0C44477F-1CC3-4100-8269-F2F8B047C0C0}.Debug R25|x86.Build.0 = Debug R25|Any CPU
		{0C44477F-1CC3-4100-8269-F2F8B047C0C0}.Debug R26|Any CPU.ActiveCfg = Debug R25|Any CPU
		{0C44477F-1CC3-4100-8269-F2F8B047C0C0}.Debug R26|Any CPU.Build.0 = Debug R25|Any CPU
		{0C44477F-1CC3-4100-8269-F2F8B047C0C0}.Debug R26|x64.ActiveCfg = Debug|Any CPU
		{0C44477F-1CC3-4100-8269-F2F8B047C0C0}.Debug R26|x86.ActiveCfg = Debug R25|Any CPU
		{0C44477F-1CC3-4100-8269-F2F8B047C0C0}.Debug R26|x86.Build.0 = Debug R25|Any CPU
		{0C44477F-1CC3-4100-8269-F2F8B047C0C0}.Release R22|Any CPU.ActiveCfg = Release R22|Any CPU
		{0C44477F-1CC3-4100-8269-F2F8B047C0C0}.Release R22|Any CPU.Build.0 = Release R22|Any CPU
		{0C44477F-1CC3-4100-8269-F2F8B047C0C0}.Release R22|x64.ActiveCfg = Release|Any CPU
		{0C44477F-1CC3-4100-8269-F2F8B047C0C0}.Release R22|x86.ActiveCfg = Release R22|Any CPU
		{0C44477F-1CC3-4100-8269-F2F8B047C0C0}.Release R22|x86.Build.0 = Release R22|Any CPU
		{0C44477F-1CC3-4100-8269-F2F8B047C0C0}.Release R23|Any CPU.ActiveCfg = Release R23|Any CPU
		{0C44477F-1CC3-4100-8269-F2F8B047C0C0}.Release R23|Any CPU.Build.0 = Release R23|Any CPU
		{0C44477F-1CC3-4100-8269-F2F8B047C0C0}.Release R23|x64.ActiveCfg = Release|Any CPU
		{0C44477F-1CC3-4100-8269-F2F8B047C0C0}.Release R23|x86.ActiveCfg = Release R23|Any CPU
		{0C44477F-1CC3-4100-8269-F2F8B047C0C0}.Release R23|x86.Build.0 = Release R23|Any CPU
		{0C44477F-1CC3-4100-8269-F2F8B047C0C0}.Release R24|Any CPU.ActiveCfg = Release R24|Any CPU
		{0C44477F-1CC3-4100-8269-F2F8B047C0C0}.Release R24|Any CPU.Build.0 = Release R24|Any CPU
		{0C44477F-1CC3-4100-8269-F2F8B047C0C0}.Release R24|x64.ActiveCfg = Release|Any CPU
		{0C44477F-1CC3-4100-8269-F2F8B047C0C0}.Release R24|x86.ActiveCfg = Release R24|Any CPU
		{0C44477F-1CC3-4100-8269-F2F8B047C0C0}.Release R24|x86.Build.0 = Release R24|Any CPU
		{0C44477F-1CC3-4100-8269-F2F8B047C0C0}.Release R25|Any CPU.ActiveCfg = Release R25|Any CPU
		{0C44477F-1CC3-4100-8269-F2F8B047C0C0}.Release R25|Any CPU.Build.0 = Release R25|Any CPU
		{0C44477F-1CC3-4100-8269-F2F8B047C0C0}.Release R25|x64.ActiveCfg = Release|Any CPU
		{0C44477F-1CC3-4100-8269-F2F8B047C0C0}.Release R25|x86.ActiveCfg = Release R25|Any CPU
		{0C44477F-1CC3-4100-8269-F2F8B047C0C0}.Release R25|x86.Build.0 = Release R25|Any CPU
		{0C44477F-1CC3-4100-8269-F2F8B047C0C0}.Release R26|Any CPU.ActiveCfg = Release R25|Any CPU
		{0C44477F-1CC3-4100-8269-F2F8B047C0C0}.Release R26|Any CPU.Build.0 = Release R25|Any CPU
		{0C44477F-1CC3-4100-8269-F2F8B047C0C0}.Release R26|x64.ActiveCfg = Release|Any CPU
		{0C44477F-1CC3-4100-8269-F2F8B047C0C0}.Release R26|x86.ActiveCfg = Release R25|Any CPU
		{0C44477F-1CC3-4100-8269-F2F8B047C0C0}.Release R26|x86.Build.0 = Release R25|Any CPU
		{C736033B-5ED1-35A1-EF72-0CEB3A2F8E52}.Debug R22|Any CPU.ActiveCfg = Debug R22|Any CPU
		{C736033B-5ED1-35A1-EF72-0CEB3A2F8E52}.Debug R22|Any CPU.Build.0 = Debug R22|Any CPU
		{C736033B-5ED1-35A1-EF72-0CEB3A2F8E52}.Debug R22|x64.ActiveCfg = Debug R22|Any CPU
		{C736033B-5ED1-35A1-EF72-0CEB3A2F8E52}.Debug R22|x64.Build.0 = Debug R22|Any CPU
		{C736033B-5ED1-35A1-EF72-0CEB3A2F8E52}.Debug R22|x86.ActiveCfg = Debug R22|Any CPU
		{C736033B-5ED1-35A1-EF72-0CEB3A2F8E52}.Debug R22|x86.Build.0 = Debug R22|Any CPU
		{C736033B-5ED1-35A1-EF72-0CEB3A2F8E52}.Debug R23|Any CPU.ActiveCfg = Debug R23|Any CPU
		{C736033B-5ED1-35A1-EF72-0CEB3A2F8E52}.Debug R23|Any CPU.Build.0 = Debug R23|Any CPU
		{C736033B-5ED1-35A1-EF72-0CEB3A2F8E52}.Debug R23|x64.ActiveCfg = Debug R23|Any CPU
		{C736033B-5ED1-35A1-EF72-0CEB3A2F8E52}.Debug R23|x64.Build.0 = Debug R23|Any CPU
		{C736033B-5ED1-35A1-EF72-0CEB3A2F8E52}.Debug R23|x86.ActiveCfg = Debug R23|Any CPU
		{C736033B-5ED1-35A1-EF72-0CEB3A2F8E52}.Debug R23|x86.Build.0 = Debug R23|Any CPU
		{C736033B-5ED1-35A1-EF72-0CEB3A2F8E52}.Debug R24|Any CPU.ActiveCfg = Debug R24|Any CPU
		{C736033B-5ED1-35A1-EF72-0CEB3A2F8E52}.Debug R24|Any CPU.Build.0 = Debug R24|Any CPU
		{C736033B-5ED1-35A1-EF72-0CEB3A2F8E52}.Debug R24|x64.ActiveCfg = Debug R24|Any CPU
		{C736033B-5ED1-35A1-EF72-0CEB3A2F8E52}.Debug R24|x64.Build.0 = Debug R24|Any CPU
		{C736033B-5ED1-35A1-EF72-0CEB3A2F8E52}.Debug R24|x86.ActiveCfg = Debug R24|Any CPU
		{C736033B-5ED1-35A1-EF72-0CEB3A2F8E52}.Debug R24|x86.Build.0 = Debug R24|Any CPU
		{C736033B-5ED1-35A1-EF72-0CEB3A2F8E52}.Debug R25|Any CPU.ActiveCfg = Debug R25|Any CPU
		{C736033B-5ED1-35A1-EF72-0CEB3A2F8E52}.Debug R25|Any CPU.Build.0 = Debug R25|Any CPU
		{C736033B-5ED1-35A1-EF72-0CEB3A2F8E52}.Debug R25|x64.ActiveCfg = Debug R25|Any CPU
		{C736033B-5ED1-35A1-EF72-0CEB3A2F8E52}.Debug R25|x64.Build.0 = Debug R25|Any CPU
		{C736033B-5ED1-35A1-EF72-0CEB3A2F8E52}.Debug R25|x86.ActiveCfg = Debug R25|Any CPU
		{C736033B-5ED1-35A1-EF72-0CEB3A2F8E52}.Debug R25|x86.Build.0 = Debug R25|Any CPU
		{C736033B-5ED1-35A1-EF72-0CEB3A2F8E52}.Debug R26|Any CPU.ActiveCfg = Debug R26|Any CPU
		{C736033B-5ED1-35A1-EF72-0CEB3A2F8E52}.Debug R26|Any CPU.Build.0 = Debug R26|Any CPU
		{C736033B-5ED1-35A1-EF72-0CEB3A2F8E52}.Debug R26|x64.ActiveCfg = Debug R26|Any CPU
		{C736033B-5ED1-35A1-EF72-0CEB3A2F8E52}.Debug R26|x64.Build.0 = Debug R26|Any CPU
		{C736033B-5ED1-35A1-EF72-0CEB3A2F8E52}.Debug R26|x86.ActiveCfg = Debug R26|Any CPU
		{C736033B-5ED1-35A1-EF72-0CEB3A2F8E52}.Debug R26|x86.Build.0 = Debug R26|Any CPU
		{C736033B-5ED1-35A1-EF72-0CEB3A2F8E52}.Release R22|Any CPU.ActiveCfg = Release R22|Any CPU
		{C736033B-5ED1-35A1-EF72-0CEB3A2F8E52}.Release R22|Any CPU.Build.0 = Release R22|Any CPU
		{C736033B-5ED1-35A1-EF72-0CEB3A2F8E52}.Release R22|x64.ActiveCfg = Release R22|Any CPU
		{C736033B-5ED1-35A1-EF72-0CEB3A2F8E52}.Release R22|x64.Build.0 = Release R22|Any CPU
		{C736033B-5ED1-35A1-EF72-0CEB3A2F8E52}.Release R22|x86.ActiveCfg = Release R22|Any CPU
		{C736033B-5ED1-35A1-EF72-0CEB3A2F8E52}.Release R22|x86.Build.0 = Release R22|Any CPU
		{C736033B-5ED1-35A1-EF72-0CEB3A2F8E52}.Release R23|Any CPU.ActiveCfg = Release R23|Any CPU
		{C736033B-5ED1-35A1-EF72-0CEB3A2F8E52}.Release R23|Any CPU.Build.0 = Release R23|Any CPU
		{C736033B-5ED1-35A1-EF72-0CEB3A2F8E52}.Release R23|x64.ActiveCfg = Release R23|Any CPU
		{C736033B-5ED1-35A1-EF72-0CEB3A2F8E52}.Release R23|x64.Build.0 = Release R23|Any CPU
		{C736033B-5ED1-35A1-EF72-0CEB3A2F8E52}.Release R23|x86.ActiveCfg = Release R23|Any CPU
		{C736033B-5ED1-35A1-EF72-0CEB3A2F8E52}.Release R23|x86.Build.0 = Release R23|Any CPU
		{C736033B-5ED1-35A1-EF72-0CEB3A2F8E52}.Release R24|Any CPU.ActiveCfg = Release R24|Any CPU
		{C736033B-5ED1-35A1-EF72-0CEB3A2F8E52}.Release R24|Any CPU.Build.0 = Release R24|Any CPU
		{C736033B-5ED1-35A1-EF72-0CEB3A2F8E52}.Release R24|x64.ActiveCfg = Release R24|Any CPU
		{C736033B-5ED1-35A1-EF72-0CEB3A2F8E52}.Release R24|x64.Build.0 = Release R24|Any CPU
		{C736033B-5ED1-35A1-EF72-0CEB3A2F8E52}.Release R24|x86.ActiveCfg = Release R24|Any CPU
		{C736033B-5ED1-35A1-EF72-0CEB3A2F8E52}.Release R24|x86.Build.0 = Release R24|Any CPU
		{C736033B-5ED1-35A1-EF72-0CEB3A2F8E52}.Release R25|Any CPU.ActiveCfg = Release R25|Any CPU
		{C736033B-5ED1-35A1-EF72-0CEB3A2F8E52}.Release R25|Any CPU.Build.0 = Release R25|Any CPU
		{C736033B-5ED1-35A1-EF72-0CEB3A2F8E52}.Release R25|x64.ActiveCfg = Release R25|Any CPU
		{C736033B-5ED1-35A1-EF72-0CEB3A2F8E52}.Release R25|x64.Build.0 = Release R25|Any CPU
		{C736033B-5ED1-35A1-EF72-0CEB3A2F8E52}.Release R25|x86.ActiveCfg = Release R25|Any CPU
		{C736033B-5ED1-35A1-EF72-0CEB3A2F8E52}.Release R25|x86.Build.0 = Release R25|Any CPU
		{C736033B-5ED1-35A1-EF72-0CEB3A2F8E52}.Release R26|Any CPU.ActiveCfg = Release R26|Any CPU
		{C736033B-5ED1-35A1-EF72-0CEB3A2F8E52}.Release R26|Any CPU.Build.0 = Release R26|Any CPU
		{C736033B-5ED1-35A1-EF72-0CEB3A2F8E52}.Release R26|x64.ActiveCfg = Release R26|Any CPU
		{C736033B-5ED1-35A1-EF72-0CEB3A2F8E52}.Release R26|x64.Build.0 = Release R26|Any CPU
		{C736033B-5ED1-35A1-EF72-0CEB3A2F8E52}.Release R26|x86.ActiveCfg = Release R26|Any CPU
		{C736033B-5ED1-35A1-EF72-0CEB3A2F8E52}.Release R26|x86.Build.0 = Release R26|Any CPU
	EndGlobalSection
	GlobalSection(SolutionProperties) = preSolution
		HideSolutionNode = FALSE
	EndGlobalSection
	GlobalSection(ExtensibilityGlobals) = postSolution
		SolutionGuid = {DC1AD2A8-8C47-488C-8E48-EC39AA41A116}
	EndGlobalSection
EndGlobal
